
Microsoft Visual Studio Solution File, Format Version 12.00
# Visual Studio Version 16
VisualStudioVersion = 16.0.32002.261
MinimumVisualStudioVersion = 10.0.40219.1
Project("{FAE04EC0-301F-11D3-BF4B-00C04F79EFBC}") = "Lab15_1", "Lab15_1\Lab15_1.csproj", "{FEF23EDB-6421-4570-A2AC-BD6143B8BB4C}"
EndProject
Global
	GlobalSection(SolutionConfigurationPlatforms) = preSolution
		Debug|Any CPU = Debug|Any CPU
		Release|Any CPU = Release|Any CPU
	EndGlobalSection
	GlobalSection(ProjectConfigurationPlatforms) = postSolution
		{FEF23EDB-6421-4570-A2AC-BD6143B8BB4C}.Debug|Any CPU.ActiveCfg = Debug|Any CPU
		{FEF23EDB-6421-4570-A2AC-BD6143B8BB4C}.Debug|Any CPU.Build.0 = Debug|Any CPU
		{FEF23EDB-6421-4570-A2AC-BD6143B8BB4C}.Release|Any CPU.ActiveCfg = Release|Any CPU
		{FEF23EDB-6421-4570-A2AC-BD6143B8BB4C}.Release|Any CPU.Build.0 = Release|Any CPU
	EndGlobalSection
	GlobalSection(SolutionProperties) = preSolution
		HideSolutionNode = FALSE
	EndGlobalSection
	GlobalSection(ExtensibilityGlobals) = postSolution
		SolutionGuid = {B8203AA5-80E7-4D98-94B2-2C1A95AEE238}
	EndGlobalSection
EndGlobal
